<?xml version="1.0" encoding="UTF-8" standalone="yes" ?>
<CodeBlocks_project_file>
	<FileVersion major="1" minor="6" />
	<Project>
		<Option title="GameTemplate" />
		<Option pch_mode="2" />
		<Option compiler="gcc" />
		<Build>
			<Target title="Debug">
				<Option output="bin\Debug\GameTemplate" prefix_auto="1" extension_auto="1" />
				<Option object_output="obj\Debug\" />
				<Option type="1" />
				<Option compiler="gcc" />
				<Compiler>
					<Add option="-g" />
				</Compiler>
				<Linker>
					<Add library="C:\SDL\lib\libgfx.dll.a" />
					<Add library="C:\SDL\lib\libSDL.dll.a" />
					<Add library="C:\SDL\lib\libSDLmain.a" />
					<Add library="C:\SDL\lib\SDL_mixer.lib" />
					<Add library="C:\SDL\lib\SDL_ttf.lib" />
				</Linker>
			</Target>
			<Target title="Release">
				<Option output="bin\Release\GameTemplate" prefix_auto="1" extension_auto="1" />
				<Option object_output="obj\Release\" />
				<Option type="0" />
				<Option compiler="gcc" />
				<Compiler>
					<Add option="-O2" />
				</Compiler>
				<Linker>
					<Add option="-s" />
					<Add library="C:\SDL\lib\libgfx.dll.a" />
					<Add library="C:\SDL\lib\libSDL.dll.a" />
					<Add library="C:\SDL\lib\libSDLmain.a" />
					<Add library="C:\SDL\lib\SDL_mixer.lib" />
					<Add library="C:\SDL\lib\SDL_ttf.lib" />
				</Linker>
			</Target>
		</Build>
		<Compiler>
			<Add option="-Wall" />
			<Add directory="C:\SDL\include" />
		</Compiler>
		<Linker>
			<Add library="mingw32" />
			<Add library="SDLmain" />
			<Add library="SDL.dll" />
			<Add library="user32" />
			<Add library="gdi32" />
			<Add library="winmm" />
			<Add library="dxguid" />
			<Add directory="C:\SDL\lib" />
		</Linker>
		<Unit filename="AbstractGameState.cpp" />
		<Unit filename="AbstractGameState.h" />
		<Unit filename="Draw.cpp" />
		<Unit filename="Draw.h" />
		<Unit filename="GameEngine.cpp" />
		<Unit filename="GameEngine.h" />
		<Unit filename="Setting.cpp" />
		<Unit filename="Setting.h" />
		<Unit filename="main.cpp" />
		<Extensions>
			<code_completion />
			<envvars />
			<debugger />
			<lib_finder disable_auto="1" />
		</Extensions>
	</Project>
</CodeBlocks_project_file>
